// !$*UTF8*$!
{
	archiveVersion = 1;
	classes = {
	};
	objectVersion = 54;
	objects = {

/* Begin PBXBuildFile section */
		4E9F094F2763C9B9005564EE /* ExtensionFiltroViewController.swift in Sources */ = {isa = PBXBuildFile; fileRef = 4E9F094E2763C9B9005564EE /* ExtensionFiltroViewController.swift */; };
		4E9F09512763CC17005564EE /* ExtensionHomeViewController.swift in Sources */ = {isa = PBXBuildFile; fileRef = 4E9F09502763CC17005564EE /* ExtensionHomeViewController.swift */; };
		4EFF7C2F275AB7DE00016E16 /* AppDelegate.swift in Sources */ = {isa = PBXBuildFile; fileRef = 4EFF7C2E275AB7DE00016E16 /* AppDelegate.swift */; };
		4EFF7C31275AB7DE00016E16 /* SceneDelegate.swift in Sources */ = {isa = PBXBuildFile; fileRef = 4EFF7C30275AB7DE00016E16 /* SceneDelegate.swift */; };
		4EFF7C38275AB7DF00016E16 /* Assets.xcassets in Resources */ = {isa = PBXBuildFile; fileRef = 4EFF7C37275AB7DF00016E16 /* Assets.xcassets */; };
		81102E182763985100BA65F2 /* RepositoryHome.swift in Sources */ = {isa = PBXBuildFile; fileRef = 81102E172763985100BA65F2 /* RepositoryHome.swift */; };
		81102E1A2763B14700BA65F2 /* RepositoryViewModel.swift in Sources */ = {isa = PBXBuildFile; fileRef = 81102E192763B14700BA65F2 /* RepositoryViewModel.swift */; };
		8122B606275EA290007F6603 /* Coordinator.swift in Sources */ = {isa = PBXBuildFile; fileRef = 8122B605275EA290007F6603 /* Coordinator.swift */; };
		8122B608275EA7F2007F6603 /* AppCoordinator.swift in Sources */ = {isa = PBXBuildFile; fileRef = 8122B607275EA7F1007F6603 /* AppCoordinator.swift */; };
		8122B60B275EAB02007F6603 /* DashboardCoordinator.swift in Sources */ = {isa = PBXBuildFile; fileRef = 8122B60A275EAB02007F6603 /* DashboardCoordinator.swift */; };
		81C233D22762C71200509D13 /* RepositorioCustomView.swift in Sources */ = {isa = PBXBuildFile; fileRef = 81C233D12762C71200509D13 /* RepositorioCustomView.swift */; };
		8C4D9B15275ED9BE00A2E3D3 /* FiltroViewController.swift in Sources */ = {isa = PBXBuildFile; fileRef = 8C4D9B13275ED9BE00A2E3D3 /* FiltroViewController.swift */; };
		8C4D9B16275ED9BE00A2E3D3 /* FiltroViewController.xib in Resources */ = {isa = PBXBuildFile; fileRef = 8C4D9B14275ED9BE00A2E3D3 /* FiltroViewController.xib */; };
		8C4D9B19275EDA4A00A2E3D3 /* DetalheViewController.swift in Sources */ = {isa = PBXBuildFile; fileRef = 8C4D9B17275EDA4A00A2E3D3 /* DetalheViewController.swift */; };
		8C56FDA6276138DC004598BA /* HomeViewController.swift in Sources */ = {isa = PBXBuildFile; fileRef = 8C56FDA4276138DC004598BA /* HomeViewController.swift */; };
		8C56FDA7276138DC004598BA /* HomeViewController.xib in Resources */ = {isa = PBXBuildFile; fileRef = 8C56FDA5276138DC004598BA /* HomeViewController.xib */; };
		8E9A60D527614BDC004126BB /* Release.swift in Sources */ = {isa = PBXBuildFile; fileRef = 8E9A60CF27614BDC004126BB /* Release.swift */; };
		8E9A60D627614BDC004126BB /* Repository.swift in Sources */ = {isa = PBXBuildFile; fileRef = 8E9A60D027614BDC004126BB /* Repository.swift */; };
		8E9A60D727614BDC004126BB /* Repositories.swift in Sources */ = {isa = PBXBuildFile; fileRef = 8E9A60D127614BDC004126BB /* Repositories.swift */; };
		8E9A60D827614BDC004126BB /* Commit.swift in Sources */ = {isa = PBXBuildFile; fileRef = 8E9A60D227614BDC004126BB /* Commit.swift */; };
		8E9A60D927614BDC004126BB /* Contributor.swift in Sources */ = {isa = PBXBuildFile; fileRef = 8E9A60D327614BDC004126BB /* Contributor.swift */; };
		8E9A60DA27614BDC004126BB /* Branch.swift in Sources */ = {isa = PBXBuildFile; fileRef = 8E9A60D427614BDC004126BB /* Branch.swift */; };
		8E9A60DD27614C02004126BB /* GithubRepository.swift in Sources */ = {isa = PBXBuildFile; fileRef = 8E9A60DB27614C02004126BB /* GithubRepository.swift */; };
		8E9A60DE27614C02004126BB /* NetworkService.swift in Sources */ = {isa = PBXBuildFile; fileRef = 8E9A60DC27614C02004126BB /* NetworkService.swift */; };
		8EE308D22760BE3700E1DE40 /* RxCocoa in Frameworks */ = {isa = PBXBuildFile; productRef = 8EE308D12760BE3700E1DE40 /* RxCocoa */; };
		8EE308D42760BE3700E1DE40 /* RxSwift in Frameworks */ = {isa = PBXBuildFile; productRef = 8EE308D32760BE3700E1DE40 /* RxSwift */; };
		8EEFB453275FC3030031AE53 /* DetalheViewController.xib in Resources */ = {isa = PBXBuildFile; fileRef = 8EEFB452275FC3030031AE53 /* DetalheViewController.xib */; };
		CD7B011427614DE200248B2A /* RepositorioView.xib in Resources */ = {isa = PBXBuildFile; fileRef = CD7B011327614DE200248B2A /* RepositorioView.xib */; };
/* End PBXBuildFile section */

/* Begin PBXFileReference section */
		4E9F094E2763C9B9005564EE /* ExtensionFiltroViewController.swift */ = {isa = PBXFileReference; lastKnownFileType = sourcecode.swift; path = ExtensionFiltroViewController.swift; sourceTree = "<group>"; };
		4E9F09502763CC17005564EE /* ExtensionHomeViewController.swift */ = {isa = PBXFileReference; lastKnownFileType = sourcecode.swift; path = ExtensionHomeViewController.swift; sourceTree = "<group>"; };
		4EFF7C2B275AB7DE00016E16 /* github-api-ios.app */ = {isa = PBXFileReference; explicitFileType = wrapper.application; includeInIndex = 0; path = "github-api-ios.app"; sourceTree = BUILT_PRODUCTS_DIR; };
		4EFF7C2E275AB7DE00016E16 /* AppDelegate.swift */ = {isa = PBXFileReference; lastKnownFileType = sourcecode.swift; path = AppDelegate.swift; sourceTree = "<group>"; };
		4EFF7C30275AB7DE00016E16 /* SceneDelegate.swift */ = {isa = PBXFileReference; lastKnownFileType = sourcecode.swift; path = SceneDelegate.swift; sourceTree = "<group>"; };
		4EFF7C37275AB7DF00016E16 /* Assets.xcassets */ = {isa = PBXFileReference; lastKnownFileType = folder.assetcatalog; path = Assets.xcassets; sourceTree = "<group>"; };
		4EFF7C3C275AB7DF00016E16 /* Info.plist */ = {isa = PBXFileReference; lastKnownFileType = text.plist.xml; path = Info.plist; sourceTree = "<group>"; };
		81102E172763985100BA65F2 /* RepositoryHome.swift */ = {isa = PBXFileReference; lastKnownFileType = sourcecode.swift; path = RepositoryHome.swift; sourceTree = "<group>"; };
		81102E192763B14700BA65F2 /* RepositoryViewModel.swift */ = {isa = PBXFileReference; lastKnownFileType = sourcecode.swift; path = RepositoryViewModel.swift; sourceTree = "<group>"; };
		8122B605275EA290007F6603 /* Coordinator.swift */ = {isa = PBXFileReference; lastKnownFileType = sourcecode.swift; path = Coordinator.swift; sourceTree = "<group>"; };
		8122B607275EA7F1007F6603 /* AppCoordinator.swift */ = {isa = PBXFileReference; lastKnownFileType = sourcecode.swift; path = AppCoordinator.swift; sourceTree = "<group>"; };
		8122B60A275EAB02007F6603 /* DashboardCoordinator.swift */ = {isa = PBXFileReference; lastKnownFileType = sourcecode.swift; path = DashboardCoordinator.swift; sourceTree = "<group>"; };
		81C233D12762C71200509D13 /* RepositorioCustomView.swift */ = {isa = PBXFileReference; lastKnownFileType = sourcecode.swift; path = RepositorioCustomView.swift; sourceTree = "<group>"; };
		8C4D9B13275ED9BE00A2E3D3 /* FiltroViewController.swift */ = {isa = PBXFileReference; lastKnownFileType = sourcecode.swift; path = FiltroViewController.swift; sourceTree = "<group>"; };
		8C4D9B14275ED9BE00A2E3D3 /* FiltroViewController.xib */ = {isa = PBXFileReference; lastKnownFileType = file.xib; path = FiltroViewController.xib; sourceTree = "<group>"; };
		8C4D9B17275EDA4A00A2E3D3 /* DetalheViewController.swift */ = {isa = PBXFileReference; lastKnownFileType = sourcecode.swift; path = DetalheViewController.swift; sourceTree = "<group>"; };
		8C56FDA4276138DC004598BA /* HomeViewController.swift */ = {isa = PBXFileReference; lastKnownFileType = sourcecode.swift; path = HomeViewController.swift; sourceTree = "<group>"; };
		8C56FDA5276138DC004598BA /* HomeViewController.xib */ = {isa = PBXFileReference; lastKnownFileType = file.xib; name = HomeViewController.xib; path = ../ViewControllers/HomeViewController.xib; sourceTree = "<group>"; };
		8E9A60CF27614BDC004126BB /* Release.swift */ = {isa = PBXFileReference; fileEncoding = 4; lastKnownFileType = sourcecode.swift; path = Release.swift; sourceTree = "<group>"; };
		8E9A60D027614BDC004126BB /* Repository.swift */ = {isa = PBXFileReference; fileEncoding = 4; lastKnownFileType = sourcecode.swift; path = Repository.swift; sourceTree = "<group>"; };
		8E9A60D127614BDC004126BB /* Repositories.swift */ = {isa = PBXFileReference; fileEncoding = 4; lastKnownFileType = sourcecode.swift; path = Repositories.swift; sourceTree = "<group>"; };
		8E9A60D227614BDC004126BB /* Commit.swift */ = {isa = PBXFileReference; fileEncoding = 4; lastKnownFileType = sourcecode.swift; path = Commit.swift; sourceTree = "<group>"; };
		8E9A60D327614BDC004126BB /* Contributor.swift */ = {isa = PBXFileReference; fileEncoding = 4; lastKnownFileType = sourcecode.swift; path = Contributor.swift; sourceTree = "<group>"; };
		8E9A60D427614BDC004126BB /* Branch.swift */ = {isa = PBXFileReference; fileEncoding = 4; lastKnownFileType = sourcecode.swift; path = Branch.swift; sourceTree = "<group>"; };
		8E9A60DB27614C02004126BB /* GithubRepository.swift */ = {isa = PBXFileReference; fileEncoding = 4; lastKnownFileType = sourcecode.swift; path = GithubRepository.swift; sourceTree = "<group>"; };
		8E9A60DC27614C02004126BB /* NetworkService.swift */ = {isa = PBXFileReference; fileEncoding = 4; lastKnownFileType = sourcecode.swift; path = NetworkService.swift; sourceTree = "<group>"; };
		8EEFB452275FC3030031AE53 /* DetalheViewController.xib */ = {isa = PBXFileReference; fileEncoding = 4; lastKnownFileType = file.xib; path = DetalheViewController.xib; sourceTree = "<group>"; };
		CD7B011327614DE200248B2A /* RepositorioView.xib */ = {isa = PBXFileReference; lastKnownFileType = file.xib; path = RepositorioView.xib; sourceTree = "<group>"; };
/* End PBXFileReference section */

/* Begin PBXFrameworksBuildPhase section */
		4EFF7C28275AB7DE00016E16 /* Frameworks */ = {
			isa = PBXFrameworksBuildPhase;
			buildActionMask = 2147483647;
			files = (
				8EE308D42760BE3700E1DE40 /* RxSwift in Frameworks */,
				8EE308D22760BE3700E1DE40 /* RxCocoa in Frameworks */,
			);
			runOnlyForDeploymentPostprocessing = 0;
		};
/* End PBXFrameworksBuildPhase section */

/* Begin PBXGroup section */
		4EEC0F4C275D367100DDC36D /* Resources */ = {
			isa = PBXGroup;
			children = (
				4EFF7C2E275AB7DE00016E16 /* AppDelegate.swift */,
				4EFF7C30275AB7DE00016E16 /* SceneDelegate.swift */,
				4EFF7C37275AB7DF00016E16 /* Assets.xcassets */,
				8C4D9B0A275EB18300A2E3D3 /* WebServices */,
			);
			path = Resources;
			sourceTree = "<group>";
		};
		4EFF7C22275AB7DE00016E16 = {
			isa = PBXGroup;
			children = (
				4EFF7C2D275AB7DE00016E16 /* github-api-ios */,
				4EFF7C2C275AB7DE00016E16 /* Products */,
				81C233D027625DF900509D13 /* Recovered References */,
			);
			sourceTree = "<group>";
		};
		4EFF7C2C275AB7DE00016E16 /* Products */ = {
			isa = PBXGroup;
			children = (
				4EFF7C2B275AB7DE00016E16 /* github-api-ios.app */,
			);
			name = Products;
			sourceTree = "<group>";
		};
		4EFF7C2D275AB7DE00016E16 /* github-api-ios */ = {
			isa = PBXGroup;
			children = (
				8122B609275EA82F007F6603 /* Coordinators */,
				4EFF7C3C275AB7DF00016E16 /* Info.plist */,
				4EEC0F4C275D367100DDC36D /* Resources */,
				8C4D9B0D275ED7F500A2E3D3 /* Scenes */,
			);
			path = "github-api-ios";
			sourceTree = "<group>";
		};
		8122B609275EA82F007F6603 /* Coordinators */ = {
			isa = PBXGroup;
			children = (
				8122B607275EA7F1007F6603 /* AppCoordinator.swift */,
				8122B605275EA290007F6603 /* Coordinator.swift */,
			);
			path = Coordinators;
			sourceTree = "<group>";
		};
		81C233CD2762493B00509D13 /* Components */ = {
			isa = PBXGroup;
			children = (
				81C233D12762C71200509D13 /* RepositorioCustomView.swift */,
			);
			path = Components;
			sourceTree = "<group>";
		};
		81C233D027625DF900509D13 /* Recovered References */ = {
			isa = PBXGroup;
			children = (
			);
			name = "Recovered References";
			sourceTree = "<group>";
		};
		8C4D9B0A275EB18300A2E3D3 /* WebServices */ = {
			isa = PBXGroup;
			children = (
				8E9A60DB27614C02004126BB /* GithubRepository.swift */,
				8E9A60DC27614C02004126BB /* NetworkService.swift */,
			);
			path = WebServices;
			sourceTree = "<group>";
		};
		8C4D9B0D275ED7F500A2E3D3 /* Scenes */ = {
			isa = PBXGroup;
			children = (
				8C4D9B0E275ED80A00A2E3D3 /* Dashboard */,
			);
			path = Scenes;
			sourceTree = "<group>";
		};
		8C4D9B0E275ED80A00A2E3D3 /* Dashboard */ = {
			isa = PBXGroup;
			children = (
				81C233CD2762493B00509D13 /* Components */,
				8122B60A275EAB02007F6603 /* DashboardCoordinator.swift */,
				8C4D9B12275ED89700A2E3D3 /* ViewModels */,
				8C4D9B11275ED84200A2E3D3 /* ViewControllers */,
				8C4D9B10275ED82100A2E3D3 /* Views */,
				8C4D9B0F275ED81800A2E3D3 /* Models */,
			);
			path = Dashboard;
			sourceTree = "<group>";
		};
		8C4D9B0F275ED81800A2E3D3 /* Models */ = {
			isa = PBXGroup;
			children = (
				8E9A60D427614BDC004126BB /* Branch.swift */,
				8E9A60D227614BDC004126BB /* Commit.swift */,
				8E9A60D327614BDC004126BB /* Contributor.swift */,
				8E9A60CF27614BDC004126BB /* Release.swift */,
				8E9A60D127614BDC004126BB /* Repositories.swift */,
				8E9A60D027614BDC004126BB /* Repository.swift */,
				81102E172763985100BA65F2 /* RepositoryHome.swift */,
			);
			path = Models;
			sourceTree = "<group>";
		};
		8C4D9B10275ED82100A2E3D3 /* Views */ = {
			isa = PBXGroup;
			children = (
				8EEFB452275FC3030031AE53 /* DetalheViewController.xib */,
				8C56FDA5276138DC004598BA /* HomeViewController.xib */,
				8C4D9B14275ED9BE00A2E3D3 /* FiltroViewController.xib */,
				CD7B011327614DE200248B2A /* RepositorioView.xib */,
			);
			path = Views;
			sourceTree = "<group>";
		};
		8C4D9B11275ED84200A2E3D3 /* ViewControllers */ = {
			isa = PBXGroup;
			children = (
				8C4D9B13275ED9BE00A2E3D3 /* FiltroViewController.swift */,
				8C4D9B17275EDA4A00A2E3D3 /* DetalheViewController.swift */,
				8C56FDA4276138DC004598BA /* HomeViewController.swift */,
				4E9F094E2763C9B9005564EE /* ExtensionFiltroViewController.swift */,
				4E9F09502763CC17005564EE /* ExtensionHomeViewController.swift */,
			);
			path = ViewControllers;
			sourceTree = "<group>";
		};
		8C4D9B12275ED89700A2E3D3 /* ViewModels */ = {
			isa = PBXGroup;
			children = (
				81102E192763B14700BA65F2 /* RepositoryViewModel.swift */,
			);
			path = ViewModels;
			sourceTree = "<group>";
		};
/* End PBXGroup section */

/* Begin PBXNativeTarget section */
		4EFF7C2A275AB7DE00016E16 /* github-api-ios */ = {
			isa = PBXNativeTarget;
			buildConfigurationList = 4EFF7C3F275AB7DF00016E16 /* Build configuration list for PBXNativeTarget "github-api-ios" */;
			buildPhases = (
				4EFF7C27275AB7DE00016E16 /* Sources */,
				4EFF7C44275AB86900016E16 /* Swift Lint */,
				4EFF7C28275AB7DE00016E16 /* Frameworks */,
				4EFF7C29275AB7DE00016E16 /* Resources */,
			);
			buildRules = (
			);
			dependencies = (
			);
			name = "github-api-ios";
			packageProductDependencies = (
				8EE308D12760BE3700E1DE40 /* RxCocoa */,
				8EE308D32760BE3700E1DE40 /* RxSwift */,
			);
			productName = "github-api-ios";
			productReference = 4EFF7C2B275AB7DE00016E16 /* github-api-ios.app */;
			productType = "com.apple.product-type.application";
		};
/* End PBXNativeTarget section */

/* Begin PBXProject section */
		4EFF7C23275AB7DE00016E16 /* Project object */ = {
			isa = PBXProject;
			attributes = {
				BuildIndependentTargetsInParallel = 1;
				LastSwiftUpdateCheck = 1310;
				LastUpgradeCheck = 1310;
				TargetAttributes = {
					4EFF7C2A275AB7DE00016E16 = {
						CreatedOnToolsVersion = 13.1;
					};
				};
			};
			buildConfigurationList = 4EFF7C26275AB7DE00016E16 /* Build configuration list for PBXProject "github-api-ios" */;
			compatibilityVersion = "Xcode 12.0";
			developmentRegion = en;
			hasScannedForEncodings = 0;
			knownRegions = (
				en,
				Base,
			);
			mainGroup = 4EFF7C22275AB7DE00016E16;
			packageReferences = (
				8EE308D02760BE3700E1DE40 /* XCRemoteSwiftPackageReference "RxSwift" */,
			);
			productRefGroup = 4EFF7C2C275AB7DE00016E16 /* Products */;
			projectDirPath = "";
			projectRoot = "";
			targets = (
				4EFF7C2A275AB7DE00016E16 /* github-api-ios */,
			);
		};
/* End PBXProject section */

/* Begin PBXResourcesBuildPhase section */
		4EFF7C29275AB7DE00016E16 /* Resources */ = {
			isa = PBXResourcesBuildPhase;
			buildActionMask = 2147483647;
			files = (
				8C4D9B16275ED9BE00A2E3D3 /* FiltroViewController.xib in Resources */,
				4EFF7C38275AB7DF00016E16 /* Assets.xcassets in Resources */,
				8EEFB453275FC3030031AE53 /* DetalheViewController.xib in Resources */,
				CD7B011427614DE200248B2A /* RepositorioView.xib in Resources */,
				8C56FDA7276138DC004598BA /* HomeViewController.xib in Resources */,
			);
			runOnlyForDeploymentPostprocessing = 0;
		};
/* End PBXResourcesBuildPhase section */

/* Begin PBXShellScriptBuildPhase section */
		4EFF7C44275AB86900016E16 /* Swift Lint */ = {
			isa = PBXShellScriptBuildPhase;
			buildActionMask = 2147483647;
			files = (
			);
			inputFileListPaths = (
			);
			inputPaths = (
			);
			name = "Swift Lint";
			outputFileListPaths = (
			);
			outputPaths = (
			);
			runOnlyForDeploymentPostprocessing = 0;
			shellPath = /bin/sh;
			shellScript = "if test -d \"/opt/homebrew/bin/\"; then\n  PATH=\"/opt/homebrew/bin/:${PATH}\"\nfi\n\nexport PATH\n\nif which swiftlint >/dev/null; then\n  swiftlint autocorrect && swiftlint\nelse\n  echo \"warning: SwiftLint not installed, download from https://github.com/realm/SwiftLint\"\nfi\n";
		};
/* End PBXShellScriptBuildPhase section */

/* Begin PBXSourcesBuildPhase section */
		4EFF7C27275AB7DE00016E16 /* Sources */ = {
			isa = PBXSourcesBuildPhase;
			buildActionMask = 2147483647;
			files = (
				81102E1A2763B14700BA65F2 /* RepositoryViewModel.swift in Sources */,
				8C4D9B15275ED9BE00A2E3D3 /* FiltroViewController.swift in Sources */,
				4E9F09512763CC17005564EE /* ExtensionHomeViewController.swift in Sources */,
				8E9A60D527614BDC004126BB /* Release.swift in Sources */,
				4EFF7C2F275AB7DE00016E16 /* AppDelegate.swift in Sources */,
				8E9A60D827614BDC004126BB /* Commit.swift in Sources */,
				8E9A60DD27614C02004126BB /* GithubRepository.swift in Sources */,
				81C233D22762C71200509D13 /* RepositorioCustomView.swift in Sources */,
				8E9A60DE27614C02004126BB /* NetworkService.swift in Sources */,
				8C4D9B19275EDA4A00A2E3D3 /* DetalheViewController.swift in Sources */,
				4EFF7C31275AB7DE00016E16 /* SceneDelegate.swift in Sources */,
				8E9A60D727614BDC004126BB /* Repositories.swift in Sources */,
				8E9A60DA27614BDC004126BB /* Branch.swift in Sources */,
				8E9A60D627614BDC004126BB /* Repository.swift in Sources */,
				81102E182763985100BA65F2 /* RepositoryHome.swift in Sources */,
				4E9F094F2763C9B9005564EE /* ExtensionFiltroViewController.swift in Sources */,
				8122B608275EA7F2007F6603 /* AppCoordinator.swift in Sources */,
				8E9A60D927614BDC004126BB /* Contributor.swift in Sources */,
				8C56FDA6276138DC004598BA /* HomeViewController.swift in Sources */,
				8122B60B275EAB02007F6603 /* DashboardCoordinator.swift in Sources */,
				8122B606275EA290007F6603 /* Coordinator.swift in Sources */,
			);
			runOnlyForDeploymentPostprocessing = 0;
		};
/* End PBXSourcesBuildPhase section */

/* Begin XCBuildConfiguration section */
		4EFF7C3D275AB7DF00016E16 /* Debug */ = {
			isa = XCBuildConfiguration;
			buildSettings = {
				ALWAYS_SEARCH_USER_PATHS = NO;
				CLANG_ANALYZER_NONNULL = YES;
				CLANG_ANALYZER_NUMBER_OBJECT_CONVERSION = YES_AGGRESSIVE;
				CLANG_CXX_LANGUAGE_STANDARD = "gnu++17";
				CLANG_CXX_LIBRARY = "libc++";
				CLANG_ENABLE_MODULES = YES;
				CLANG_ENABLE_OBJC_ARC = YES;
				CLANG_ENABLE_OBJC_WEAK = YES;
				CLANG_WARN_BLOCK_CAPTURE_AUTORELEASING = YES;
				CLANG_WARN_BOOL_CONVERSION = YES;
				CLANG_WARN_COMMA = YES;
				CLANG_WARN_CONSTANT_CONVERSION = YES;
				CLANG_WARN_DEPRECATED_OBJC_IMPLEMENTATIONS = YES;
				CLANG_WARN_DIRECT_OBJC_ISA_USAGE = YES_ERROR;
				CLANG_WARN_DOCUMENTATION_COMMENTS = YES;
				CLANG_WARN_EMPTY_BODY = YES;
				CLANG_WARN_ENUM_CONVERSION = YES;
				CLANG_WARN_INFINITE_RECURSION = YES;
				CLANG_WARN_INT_CONVERSION = YES;
				CLANG_WARN_NON_LITERAL_NULL_CONVERSION = YES;
				CLANG_WARN_OBJC_IMPLICIT_RETAIN_SELF = YES;
				CLANG_WARN_OBJC_LITERAL_CONVERSION = YES;
				CLANG_WARN_OBJC_ROOT_CLASS = YES_ERROR;
				CLANG_WARN_QUOTED_INCLUDE_IN_FRAMEWORK_HEADER = YES;
				CLANG_WARN_RANGE_LOOP_ANALYSIS = YES;
				CLANG_WARN_STRICT_PROTOTYPES = YES;
				CLANG_WARN_SUSPICIOUS_MOVE = YES;
				CLANG_WARN_UNGUARDED_AVAILABILITY = YES_AGGRESSIVE;
				CLANG_WARN_UNREACHABLE_CODE = YES;
				CLANG_WARN__DUPLICATE_METHOD_MATCH = YES;
				COPY_PHASE_STRIP = NO;
				DEBUG_INFORMATION_FORMAT = dwarf;
				ENABLE_STRICT_OBJC_MSGSEND = YES;
				ENABLE_TESTABILITY = YES;
				GCC_C_LANGUAGE_STANDARD = gnu11;
				GCC_DYNAMIC_NO_PIC = NO;
				GCC_NO_COMMON_BLOCKS = YES;
				GCC_OPTIMIZATION_LEVEL = 0;
				GCC_PREPROCESSOR_DEFINITIONS = (
					"DEBUG=1",
					"$(inherited)",
				);
				GCC_WARN_64_TO_32_BIT_CONVERSION = YES;
				GCC_WARN_ABOUT_RETURN_TYPE = YES_ERROR;
				GCC_WARN_UNDECLARED_SELECTOR = YES;
				GCC_WARN_UNINITIALIZED_AUTOS = YES_AGGRESSIVE;
				GCC_WARN_UNUSED_FUNCTION = YES;
				GCC_WARN_UNUSED_VARIABLE = YES;
				IPHONEOS_DEPLOYMENT_TARGET = 15.0;
				MTL_ENABLE_DEBUG_INFO = INCLUDE_SOURCE;
				MTL_FAST_MATH = YES;
				ONLY_ACTIVE_ARCH = YES;
				SDKROOT = iphoneos;
				SWIFT_ACTIVE_COMPILATION_CONDITIONS = DEBUG;
				SWIFT_OPTIMIZATION_LEVEL = "-Onone";
			};
			name = Debug;
		};
		4EFF7C3E275AB7DF00016E16 /* Release */ = {
			isa = XCBuildConfiguration;
			buildSettings = {
				ALWAYS_SEARCH_USER_PATHS = NO;
				CLANG_ANALYZER_NONNULL = YES;
				CLANG_ANALYZER_NUMBER_OBJECT_CONVERSION = YES_AGGRESSIVE;
				CLANG_CXX_LANGUAGE_STANDARD = "gnu++17";
				CLANG_CXX_LIBRARY = "libc++";
				CLANG_ENABLE_MODULES = YES;
				CLANG_ENABLE_OBJC_ARC = YES;
				CLANG_ENABLE_OBJC_WEAK = YES;
				CLANG_WARN_BLOCK_CAPTURE_AUTORELEASING = YES;
				CLANG_WARN_BOOL_CONVERSION = YES;
				CLANG_WARN_COMMA = YES;
				CLANG_WARN_CONSTANT_CONVERSION = YES;
				CLANG_WARN_DEPRECATED_OBJC_IMPLEMENTATIONS = YES;
				CLANG_WARN_DIRECT_OBJC_ISA_USAGE = YES_ERROR;
				CLANG_WARN_DOCUMENTATION_COMMENTS = YES;
				CLANG_WARN_EMPTY_BODY = YES;
				CLANG_WARN_ENUM_CONVERSION = YES;
				CLANG_WARN_INFINITE_RECURSION = YES;
				CLANG_WARN_INT_CONVERSION = YES;
				CLANG_WARN_NON_LITERAL_NULL_CONVERSION = YES;
				CLANG_WARN_OBJC_IMPLICIT_RETAIN_SELF = YES;
				CLANG_WARN_OBJC_LITERAL_CONVERSION = YES;
				CLANG_WARN_OBJC_ROOT_CLASS = YES_ERROR;
				CLANG_WARN_QUOTED_INCLUDE_IN_FRAMEWORK_HEADER = YES;
				CLANG_WARN_RANGE_LOOP_ANALYSIS = YES;
				CLANG_WARN_STRICT_PROTOTYPES = YES;
				CLANG_WARN_SUSPICIOUS_MOVE = YES;
				CLANG_WARN_UNGUARDED_AVAILABILITY = YES_AGGRESSIVE;
				CLANG_WARN_UNREACHABLE_CODE = YES;
				CLANG_WARN__DUPLICATE_METHOD_MATCH = YES;
				COPY_PHASE_STRIP = NO;
				DEBUG_INFORMATION_FORMAT = "dwarf-with-dsym";
				ENABLE_NS_ASSERTIONS = NO;
				ENABLE_STRICT_OBJC_MSGSEND = YES;
				GCC_C_LANGUAGE_STANDARD = gnu11;
				GCC_NO_COMMON_BLOCKS = YES;
				GCC_WARN_64_TO_32_BIT_CONVERSION = YES;
				GCC_WARN_ABOUT_RETURN_TYPE = YES_ERROR;
				GCC_WARN_UNDECLARED_SELECTOR = YES;
				GCC_WARN_UNINITIALIZED_AUTOS = YES_AGGRESSIVE;
				GCC_WARN_UNUSED_FUNCTION = YES;
				GCC_WARN_UNUSED_VARIABLE = YES;
				IPHONEOS_DEPLOYMENT_TARGET = 15.0;
				MTL_ENABLE_DEBUG_INFO = NO;
				MTL_FAST_MATH = YES;
				SDKROOT = iphoneos;
				SWIFT_COMPILATION_MODE = wholemodule;
				SWIFT_OPTIMIZATION_LEVEL = "-O";
				VALIDATE_PRODUCT = YES;
			};
			name = Release;
		};
		4EFF7C40275AB7DF00016E16 /* Debug */ = {
			isa = XCBuildConfiguration;
			buildSettings = {
				ASSETCATALOG_COMPILER_APPICON_NAME = AppIcon;
				ASSETCATALOG_COMPILER_GLOBAL_ACCENT_COLOR_NAME = AccentColor;
				CODE_SIGN_STYLE = Automatic;
				CURRENT_PROJECT_VERSION = 1;
				GENERATE_INFOPLIST_FILE = YES;
				INFOPLIST_FILE = "github-api-ios/Info.plist";
				INFOPLIST_KEY_UIApplicationSupportsIndirectInputEvents = YES;
				INFOPLIST_KEY_UILaunchStoryboardName = LaunchScreen;
				INFOPLIST_KEY_UISupportedInterfaceOrientations_iPad = "UIInterfaceOrientationPortrait UIInterfaceOrientationPortraitUpsideDown UIInterfaceOrientationLandscapeLeft UIInterfaceOrientationLandscapeRight";
				INFOPLIST_KEY_UISupportedInterfaceOrientations_iPhone = "UIInterfaceOrientationPortrait UIInterfaceOrientationLandscapeLeft UIInterfaceOrientationLandscapeRight";
				IPHONEOS_DEPLOYMENT_TARGET = 15.0;
				LD_RUNPATH_SEARCH_PATHS = (
					"$(inherited)",
					"@executable_path/Frameworks",
				);
				MARKETING_VERSION = 1.0;
				PRODUCT_BUNDLE_IDENTIFIER = "com.vaivoa.github-api-ios";
				PRODUCT_NAME = "$(TARGET_NAME)";
				SWIFT_EMIT_LOC_STRINGS = YES;
				SWIFT_VERSION = 5.0;
				TARGETED_DEVICE_FAMILY = "1,2";
			};
			name = Debug;
		};
		4EFF7C41275AB7DF00016E16 /* Release */ = {
			isa = XCBuildConfiguration;
			buildSettings = {
				ASSETCATALOG_COMPILER_APPICON_NAME = AppIcon;
				ASSETCATALOG_COMPILER_GLOBAL_ACCENT_COLOR_NAME = AccentColor;
				CODE_SIGN_STYLE = Automatic;
				CURRENT_PROJECT_VERSION = 1;
				GENERATE_INFOPLIST_FILE = YES;
				INFOPLIST_FILE = "github-api-ios/Info.plist";
				INFOPLIST_KEY_UIApplicationSupportsIndirectInputEvents = YES;
				INFOPLIST_KEY_UILaunchStoryboardName = LaunchScreen;
				INFOPLIST_KEY_UISupportedInterfaceOrientations_iPad = "UIInterfaceOrientationPortrait UIInterfaceOrientationPortraitUpsideDown UIInterfaceOrientationLandscapeLeft UIInterfaceOrientationLandscapeRight";
				INFOPLIST_KEY_UISupportedInterfaceOrientations_iPhone = "UIInterfaceOrientationPortrait UIInterfaceOrientationLandscapeLeft UIInterfaceOrientationLandscapeRight";
				IPHONEOS_DEPLOYMENT_TARGET = 15.0;
				LD_RUNPATH_SEARCH_PATHS = (
					"$(inherited)",
					"@executable_path/Frameworks",
				);
				MARKETING_VERSION = 1.0;
				PRODUCT_BUNDLE_IDENTIFIER = "com.vaivoa.github-api-ios";
				PRODUCT_NAME = "$(TARGET_NAME)";
				SWIFT_EMIT_LOC_STRINGS = YES;
				SWIFT_VERSION = 5.0;
				TARGETED_DEVICE_FAMILY = "1,2";
			};
			name = Release;
		};
/* End XCBuildConfiguration section */

/* Begin XCConfigurationList section */
		4EFF7C26275AB7DE00016E16 /* Build configuration list for PBXProject "github-api-ios" */ = {
			isa = XCConfigurationList;
			buildConfigurations = (
				4EFF7C3D275AB7DF00016E16 /* Debug */,
				4EFF7C3E275AB7DF00016E16 /* Release */,
			);
			defaultConfigurationIsVisible = 0;
			defaultConfigurationName = Release;
		};
		4EFF7C3F275AB7DF00016E16 /* Build configuration list for PBXNativeTarget "github-api-ios" */ = {
			isa = XCConfigurationList;
			buildConfigurations = (
				4EFF7C40275AB7DF00016E16 /* Debug */,
				4EFF7C41275AB7DF00016E16 /* Release */,
			);
			defaultConfigurationIsVisible = 0;
			defaultConfigurationName = Release;
		};
/* End XCConfigurationList section */

/* Begin XCRemoteSwiftPackageReference section */
		8EE308D02760BE3700E1DE40 /* XCRemoteSwiftPackageReference "RxSwift" */ = {
			isa = XCRemoteSwiftPackageReference;
			repositoryURL = "https://github.com/ReactiveX/RxSwift.git";
			requirement = {
				kind = upToNextMajorVersion;
				minimumVersion = 6.0.0;
			};
		};
/* End XCRemoteSwiftPackageReference section */

/* Begin XCSwiftPackageProductDependency section */
		8EE308D12760BE3700E1DE40 /* RxCocoa */ = {
			isa = XCSwiftPackageProductDependency;
			package = 8EE308D02760BE3700E1DE40 /* XCRemoteSwiftPackageReference "RxSwift" */;
			productName = RxCocoa;
		};
		8EE308D32760BE3700E1DE40 /* RxSwift */ = {
			isa = XCSwiftPackageProductDependency;
			package = 8EE308D02760BE3700E1DE40 /* XCRemoteSwiftPackageReference "RxSwift" */;
			productName = RxSwift;
		};
/* End XCSwiftPackageProductDependency section */
	};
	rootObject = 4EFF7C23275AB7DE00016E16 /* Project object */;
}
